
Microsoft Visual Studio Solution File, Format Version 12.00
# Visual Studio 15
VisualStudioVersion = 15.0.28307.106
MinimumVisualStudioVersion = 10.0.40219.1
Project("{FAE04EC0-301F-11D3-BF4B-00C04F79EFBC}") = "RedCap_Application", "RedCap_Application\RedCap_Application.csproj", "{AEFDA58C-ACA5-4F23-9B2D-229D5D86DFA5}"
EndProject
Global
	GlobalSection(SolutionConfigurationPlatforms) = preSolution
		Debug|Any CPU = Debug|Any CPU
		Release|Any CPU = Release|Any CPU
	EndGlobalSection
	GlobalSection(ProjectConfigurationPlatforms) = postSolution
		{AEFDA58C-ACA5-4F23-9B2D-229D5D86DFA5}.Debug|Any CPU.ActiveCfg = Debug|Any CPU
		{AEFDA58C-ACA5-4F23-9B2D-229D5D86DFA5}.Debug|Any CPU.Build.0 = Debug|Any CPU
		{AEFDA58C-ACA5-4F23-9B2D-229D5D86DFA5}.Release|Any CPU.ActiveCfg = Release|Any CPU
		{AEFDA58C-ACA5-4F23-9B2D-229D5D86DFA5}.Release|Any CPU.Build.0 = Release|Any CPU
	EndGlobalSection
	GlobalSection(SolutionProperties) = preSolution
		HideSolutionNode = FALSE
	EndGlobalSection
	GlobalSection(ExtensibilityGlobals) = postSolution
		SolutionGuid = {DBB687B2-9185-4208-8C1F-B3C81BBF55CF}
	EndGlobalSection
EndGlobal
